
Microsoft Visual Studio Solution File, Format Version 12.00
# Visual Studio Version 16
VisualStudioVersion = 16.0.30413.136
MinimumVisualStudioVersion = 10.0.40219.1
Project("{FAE04EC0-301F-11D3-BF4B-00C04F79EFBC}") = "ExamenT3", "ExamenT3\ExamenT3.csproj", "{8E91098C-4181-4DF9-A370-8CFAB4EFC83B}"
EndProject
Global
	GlobalSection(SolutionConfigurationPlatforms) = preSolution
		Debug|Any CPU = Debug|Any CPU
		Release|Any CPU = Release|Any CPU
	EndGlobalSection
	GlobalSection(ProjectConfigurationPlatforms) = postSolution
		{8E91098C-4181-4DF9-A370-8CFAB4EFC83B}.Debug|Any CPU.ActiveCfg = Debug|Any CPU
		{8E91098C-4181-4DF9-A370-8CFAB4EFC83B}.Debug|Any CPU.Build.0 = Debug|Any CPU
		{8E91098C-4181-4DF9-A370-8CFAB4EFC83B}.Release|Any CPU.ActiveCfg = Release|Any CPU
		{8E91098C-4181-4DF9-A370-8CFAB4EFC83B}.Release|Any CPU.Build.0 = Release|Any CPU
	EndGlobalSection
	GlobalSection(SolutionProperties) = preSolution
		HideSolutionNode = FALSE
	EndGlobalSection
	GlobalSection(ExtensibilityGlobals) = postSolution
		SolutionGuid = {1298C4DC-5FD8-45B7-B4DD-F54A87D08786}
	EndGlobalSection
EndGlobal
